
Microsoft Visual Studio Solution File, Format Version 12.00
# Visual Studio Version 16
VisualStudioVersion = 16.0.30204.135
MinimumVisualStudioVersion = 10.0.40219.1
Project("{FAE04EC0-301F-11D3-BF4B-00C04F79EFBC}") = "Mouse Sender Abs", "Mouse Sender Abs\Mouse Sender Abs.csproj", "{99397BFB-C042-4332-8B09-76D7C37B47FB}"
EndProject
Project("{FAE04EC0-301F-11D3-BF4B-00C04F79EFBC}") = "Mouse Sender Rel", "Mouse Sender Rel\Mouse Sender Rel.csproj", "{B63C44AD-13AB-4AA2-A9A1-6CE9F0841B39}"
EndProject
Project("{FAE04EC0-301F-11D3-BF4B-00C04F79EFBC}") = "Keyboard Sender", "Keyboard Sender\Keyboard Sender.csproj", "{43353C3C-2E3F-4EE1-8CB1-AB4F24AC919C}"
EndProject
Project("{FAE04EC0-301F-11D3-BF4B-00C04F79EFBC}") = "Keyboard Reader", "Keyboard Reader\Keyboard Reader.csproj", "{B9D4F550-D692-455C-AC47-9D29555F161D}"
EndProject
Project("{FAE04EC0-301F-11D3-BF4B-00C04F79EFBC}") = "JoystickSenderAndReader", "JoystickSenderAndReader\JoystickSenderAndReader.csproj", "{9465809E-B7FD-4213-AE72-80A294440DF9}"
EndProject
Global
	GlobalSection(SolutionConfigurationPlatforms) = preSolution
		Debug|Any CPU = Debug|Any CPU
		Debug|x64 = Debug|x64
		Release|Any CPU = Release|Any CPU
		Release|x64 = Release|x64
	EndGlobalSection
	GlobalSection(ProjectConfigurationPlatforms) = postSolution
		{99397BFB-C042-4332-8B09-76D7C37B47FB}.Debug|Any CPU.ActiveCfg = Debug|Any CPU
		{99397BFB-C042-4332-8B09-76D7C37B47FB}.Debug|Any CPU.Build.0 = Debug|Any CPU
		{99397BFB-C042-4332-8B09-76D7C37B47FB}.Debug|x64.ActiveCfg = Debug|Any CPU
		{99397BFB-C042-4332-8B09-76D7C37B47FB}.Debug|x64.Build.0 = Debug|Any CPU
		{99397BFB-C042-4332-8B09-76D7C37B47FB}.Release|Any CPU.ActiveCfg = Release|Any CPU
		{99397BFB-C042-4332-8B09-76D7C37B47FB}.Release|Any CPU.Build.0 = Release|Any CPU
		{99397BFB-C042-4332-8B09-76D7C37B47FB}.Release|x64.ActiveCfg = Release|Any CPU
		{99397BFB-C042-4332-8B09-76D7C37B47FB}.Release|x64.Build.0 = Release|Any CPU
		{B63C44AD-13AB-4AA2-A9A1-6CE9F0841B39}.Debug|Any CPU.ActiveCfg = Debug|Any CPU
		{B63C44AD-13AB-4AA2-A9A1-6CE9F0841B39}.Debug|Any CPU.Build.0 = Debug|Any CPU
		{B63C44AD-13AB-4AA2-A9A1-6CE9F0841B39}.Debug|x64.ActiveCfg = Debug|Any CPU
		{B63C44AD-13AB-4AA2-A9A1-6CE9F0841B39}.Debug|x64.Build.0 = Debug|Any CPU
		{B63C44AD-13AB-4AA2-A9A1-6CE9F0841B39}.Release|Any CPU.ActiveCfg = Release|Any CPU
		{B63C44AD-13AB-4AA2-A9A1-6CE9F0841B39}.Release|Any CPU.Build.0 = Release|Any CPU
		{B63C44AD-13AB-4AA2-A9A1-6CE9F0841B39}.Release|x64.ActiveCfg = Release|Any CPU
		{B63C44AD-13AB-4AA2-A9A1-6CE9F0841B39}.Release|x64.Build.0 = Release|Any CPU
		{43353C3C-2E3F-4EE1-8CB1-AB4F24AC919C}.Debug|Any CPU.ActiveCfg = Debug|Any CPU
		{43353C3C-2E3F-4EE1-8CB1-AB4F24AC919C}.Debug|Any CPU.Build.0 = Debug|Any CPU
		{43353C3C-2E3F-4EE1-8CB1-AB4F24AC919C}.Debug|x64.ActiveCfg = Debug|Any CPU
		{43353C3C-2E3F-4EE1-8CB1-AB4F24AC919C}.Debug|x64.Build.0 = Debug|Any CPU
		{43353C3C-2E3F-4EE1-8CB1-AB4F24AC919C}.Release|Any CPU.ActiveCfg = Release|Any CPU
		{43353C3C-2E3F-4EE1-8CB1-AB4F24AC919C}.Release|Any CPU.Build.0 = Release|Any CPU
		{43353C3C-2E3F-4EE1-8CB1-AB4F24AC919C}.Release|x64.ActiveCfg = Release|Any CPU
		{43353C3C-2E3F-4EE1-8CB1-AB4F24AC919C}.Release|x64.Build.0 = Release|Any CPU
		{B9D4F550-D692-455C-AC47-9D29555F161D}.Debug|Any CPU.ActiveCfg = Debug|Any CPU
		{B9D4F550-D692-455C-AC47-9D29555F161D}.Debug|Any CPU.Build.0 = Debug|Any CPU
		{B9D4F550-D692-455C-AC47-9D29555F161D}.Debug|x64.ActiveCfg = Debug|Any CPU
		{B9D4F550-D692-455C-AC47-9D29555F161D}.Debug|x64.Build.0 = Debug|Any CPU
		{B9D4F550-D692-455C-AC47-9D29555F161D}.Release|Any CPU.ActiveCfg = Release|Any CPU
		{B9D4F550-D692-455C-AC47-9D29555F161D}.Release|Any CPU.Build.0 = Release|Any CPU
		{B9D4F550-D692-455C-AC47-9D29555F161D}.Release|x64.ActiveCfg = Release|Any CPU
		{B9D4F550-D692-455C-AC47-9D29555F161D}.Release|x64.Build.0 = Release|Any CPU
		{9465809E-B7FD-4213-AE72-80A294440DF9}.Debug|Any CPU.ActiveCfg = Debug|Any CPU
		{9465809E-B7FD-4213-AE72-80A294440DF9}.Debug|Any CPU.Build.0 = Debug|Any CPU
		{9465809E-B7FD-4213-AE72-80A294440DF9}.Debug|x64.ActiveCfg = Debug|x64
		{9465809E-B7FD-4213-AE72-80A294440DF9}.Debug|x64.Build.0 = Debug|x64
		{9465809E-B7FD-4213-AE72-80A294440DF9}.Release|Any CPU.ActiveCfg = Release|Any CPU
		{9465809E-B7FD-4213-AE72-80A294440DF9}.Release|Any CPU.Build.0 = Release|Any CPU
		{9465809E-B7FD-4213-AE72-80A294440DF9}.Release|x64.ActiveCfg = Release|x64
		{9465809E-B7FD-4213-AE72-80A294440DF9}.Release|x64.Build.0 = Release|x64
	EndGlobalSection
	GlobalSection(SolutionProperties) = preSolution
		HideSolutionNode = FALSE
	EndGlobalSection
	GlobalSection(ExtensibilityGlobals) = postSolution
		SolutionGuid = {BADFE5DB-DF7D-4590-9AED-CA220D2B28FC}
	EndGlobalSection
EndGlobal
